
Microsoft Visual Studio Solution File, Format Version 12.00
# Visual Studio Version 17
VisualStudioVersion = 17.0.31912.275
MinimumVisualStudioVersion = 10.0.40219.1
Project("{9A19103F-16F7-4668-BE54-9A1E7A4F7556}") = "Data Structures and Algorithms", "ConsoleApp1\Data Structures and Algorithms.csproj", "{C950F8ED-8554-4674-B91B-C93CB201E1AC}"
EndProject
Global
	GlobalSection(SolutionConfigurationPlatforms) = preSolution
		Debug|Any CPU = Debug|Any CPU
		Release|Any CPU = Release|Any CPU
	EndGlobalSection
	GlobalSection(ProjectConfigurationPlatforms) = postSolution
		{C950F8ED-8554-4674-B91B-C93CB201E1AC}.Debug|Any CPU.ActiveCfg = Debug|Any CPU
		{C950F8ED-8554-4674-B91B-C93CB201E1AC}.Debug|Any CPU.Build.0 = Debug|Any CPU
		{C950F8ED-8554-4674-B91B-C93CB201E1AC}.Release|Any CPU.ActiveCfg = Release|Any CPU
		{C950F8ED-8554-4674-B91B-C93CB201E1AC}.Release|Any CPU.Build.0 = Release|Any CPU
	EndGlobalSection
	GlobalSection(SolutionProperties) = preSolution
		HideSolutionNode = FALSE
	EndGlobalSection
	GlobalSection(ExtensibilityGlobals) = postSolution
		SolutionGuid = {7B33785D-9C99-42A2-BA3E-281F90E29912}
	EndGlobalSection
EndGlobal
